
Microsoft Visual Studio Solution File, Format Version 12.00
# Visual Studio Version 16
VisualStudioVersion = 16.0.30907.101
MinimumVisualStudioVersion = 10.0.40219.1
Project("{FAE04EC0-301F-11D3-BF4B-00C04F79EFBC}") = "WindowsFormsControlLibrary1", "WindowsFormsControlLibrary1\WindowsFormsControlLibrary1.csproj", "{CC728D8D-8FB2-45FC-8112-FD17DD0E1691}"
EndProject
Global
	GlobalSection(SolutionConfigurationPlatforms) = preSolution
		Debug|Any CPU = Debug|Any CPU
		Release|Any CPU = Release|Any CPU
	EndGlobalSection
	GlobalSection(ProjectConfigurationPlatforms) = postSolution
		{CC728D8D-8FB2-45FC-8112-FD17DD0E1691}.Debug|Any CPU.ActiveCfg = Debug|Any CPU
		{CC728D8D-8FB2-45FC-8112-FD17DD0E1691}.Debug|Any CPU.Build.0 = Debug|Any CPU
		{CC728D8D-8FB2-45FC-8112-FD17DD0E1691}.Release|Any CPU.ActiveCfg = Release|Any CPU
		{CC728D8D-8FB2-45FC-8112-FD17DD0E1691}.Release|Any CPU.Build.0 = Release|Any CPU
	EndGlobalSection
	GlobalSection(SolutionProperties) = preSolution
		HideSolutionNode = FALSE
	EndGlobalSection
	GlobalSection(ExtensibilityGlobals) = postSolution
		SolutionGuid = {088E8FB4-048C-4CFB-B138-3BE4D3AD20C4}
	EndGlobalSection
EndGlobal
